// !$*UTF8*$!
{
	archiveVersion = 1;
	classes = {
	};
	objectVersion = 56;
	objects = {

/* Begin PBXBuildFile section */
		2E0201AD2CA31F1C003690AF /* FollowerCell.swift in Sources */ = {isa = PBXBuildFile; fileRef = 2E0201AC2CA31F1C003690AF /* FollowerCell.swift */; };
		2E0201B12CA3201C003690AF /* GFAvatarImageView.swift in Sources */ = {isa = PBXBuildFile; fileRef = 2E0201B02CA3201C003690AF /* GFAvatarImageView.swift */; };
		2E3A49562CA254460081DD58 /* ErrorMessage.swift in Sources */ = {isa = PBXBuildFile; fileRef = 2E3A49552CA254460081DD58 /* ErrorMessage.swift */; };
		2E84DA002CAB8CE20049DDE1 /* GFEmptyStateView.swift in Sources */ = {isa = PBXBuildFile; fileRef = 2E84D9FF2CAB8CE20049DDE1 /* GFEmptyStateView.swift */; };
		2EBADF702CA8F8830018DF13 /* TestGridViewController.swift in Sources */ = {isa = PBXBuildFile; fileRef = 2EBADF6F2CA8F8830018DF13 /* TestGridViewController.swift */; };
		2EBADF722CA9070B0018DF13 /* TestListViewController.swift in Sources */ = {isa = PBXBuildFile; fileRef = 2EBADF712CA9070B0018DF13 /* TestListViewController.swift */; };
		2EBADF772CA954640018DF13 /* UIHelper.swift in Sources */ = {isa = PBXBuildFile; fileRef = 2EBADF762CA954640018DF13 /* UIHelper.swift */; };
		2EC36B8E2CA1CE3600C3951D /* Follower.swift in Sources */ = {isa = PBXBuildFile; fileRef = 2EC36B8D2CA1CE3600C3951D /* Follower.swift */; };
		2EC36B902CA1CFD300C3951D /* User.swift in Sources */ = {isa = PBXBuildFile; fileRef = 2EC36B8F2CA1CFD300C3951D /* User.swift */; };
		2EC36B942CA1DA2500C3951D /* NetworkManager.swift in Sources */ = {isa = PBXBuildFile; fileRef = 2EC36B932CA1DA2500C3951D /* NetworkManager.swift */; };
		2EF24FC42C9E6FCF006597FF /* AppDelegate.swift in Sources */ = {isa = PBXBuildFile; fileRef = 2EF24FC32C9E6FCF006597FF /* AppDelegate.swift */; };
		2EF24FC62C9E6FCF006597FF /* SceneDelegate.swift in Sources */ = {isa = PBXBuildFile; fileRef = 2EF24FC52C9E6FCF006597FF /* SceneDelegate.swift */; };
		2EF24FC82C9E6FCF006597FF /* ViewController.swift in Sources */ = {isa = PBXBuildFile; fileRef = 2EF24FC72C9E6FCF006597FF /* ViewController.swift */; };
		2EF24FCD2C9E6FCF006597FF /* Assets.xcassets in Resources */ = {isa = PBXBuildFile; fileRef = 2EF24FCC2C9E6FCF006597FF /* Assets.xcassets */; };
		2EF24FD02C9E6FCF006597FF /* Base in Resources */ = {isa = PBXBuildFile; fileRef = 2EF24FCF2C9E6FCF006597FF /* Base */; };
		2EF24FDB2C9E6FCF006597FF /* testappTests.swift in Sources */ = {isa = PBXBuildFile; fileRef = 2EF24FDA2C9E6FCF006597FF /* testappTests.swift */; };
		2EF24FE52C9E6FCF006597FF /* testappUITests.swift in Sources */ = {isa = PBXBuildFile; fileRef = 2EF24FE42C9E6FCF006597FF /* testappUITests.swift */; };
		2EF24FE72C9E6FCF006597FF /* testappUITestsLaunchTests.swift in Sources */ = {isa = PBXBuildFile; fileRef = 2EF24FE62C9E6FCF006597FF /* testappUITestsLaunchTests.swift */; };
		2EF24FF42CA02226006597FF /* TestSwiftLearning.swift in Sources */ = {isa = PBXBuildFile; fileRef = 2EF24FF32CA02226006597FF /* TestSwiftLearning.swift */; };
		2EF24FF62CA02BB8006597FF /* SearchVC.swift in Sources */ = {isa = PBXBuildFile; fileRef = 2EF24FF52CA02BB8006597FF /* SearchVC.swift */; };
		2EF24FF82CA02BDF006597FF /* FavoriteListVC.swift in Sources */ = {isa = PBXBuildFile; fileRef = 2EF24FF72CA02BDF006597FF /* FavoriteListVC.swift */; };
		2EF24FFA2CA03516006597FF /* GFButton.swift in Sources */ = {isa = PBXBuildFile; fileRef = 2EF24FF92CA03516006597FF /* GFButton.swift */; };
		2EF24FFC2CA03AA9006597FF /* GFTextField.swift in Sources */ = {isa = PBXBuildFile; fileRef = 2EF24FFB2CA03AA9006597FF /* GFTextField.swift */; };
		2EF24FFE2CA06911006597FF /* FolloweListVCViewController.swift in Sources */ = {isa = PBXBuildFile; fileRef = 2EF24FFD2CA06911006597FF /* FolloweListVCViewController.swift */; };
		2EF250002CA07323006597FF /* GFTitleLabel.swift in Sources */ = {isa = PBXBuildFile; fileRef = 2EF24FFF2CA07323006597FF /* GFTitleLabel.swift */; };
		2EF250022CA074CA006597FF /* GFBodyLabel.swift in Sources */ = {isa = PBXBuildFile; fileRef = 2EF250012CA074CA006597FF /* GFBodyLabel.swift */; };
		2EF250042CA0759C006597FF /* GFAlertVC.swift in Sources */ = {isa = PBXBuildFile; fileRef = 2EF250032CA0759C006597FF /* GFAlertVC.swift */; };
		2EF250062CA07D49006597FF /* ViewController+Ext.swift in Sources */ = {isa = PBXBuildFile; fileRef = 2EF250052CA07D49006597FF /* ViewController+Ext.swift */; };
/* End PBXBuildFile section */

/* Begin PBXContainerItemProxy section */
		2EF24FD72C9E6FCF006597FF /* PBXContainerItemProxy */ = {
			isa = PBXContainerItemProxy;
			containerPortal = 2EF24FB82C9E6FCF006597FF /* Project object */;
			proxyType = 1;
			remoteGlobalIDString = 2EF24FBF2C9E6FCF006597FF;
			remoteInfo = testapp;
		};
		2EF24FE12C9E6FCF006597FF /* PBXContainerItemProxy */ = {
			isa = PBXContainerItemProxy;
			containerPortal = 2EF24FB82C9E6FCF006597FF /* Project object */;
			proxyType = 1;
			remoteGlobalIDString = 2EF24FBF2C9E6FCF006597FF;
			remoteInfo = testapp;
		};
/* End PBXContainerItemProxy section */

/* Begin PBXFileReference section */
		2E0201AC2CA31F1C003690AF /* FollowerCell.swift */ = {isa = PBXFileReference; lastKnownFileType = sourcecode.swift; path = FollowerCell.swift; sourceTree = "<group>"; };
		2E0201B02CA3201C003690AF /* GFAvatarImageView.swift */ = {isa = PBXFileReference; lastKnownFileType = sourcecode.swift; path = GFAvatarImageView.swift; sourceTree = "<group>"; };
		2E3A49552CA254460081DD58 /* ErrorMessage.swift */ = {isa = PBXFileReference; lastKnownFileType = sourcecode.swift; path = ErrorMessage.swift; sourceTree = "<group>"; };
		2E84D9FF2CAB8CE20049DDE1 /* GFEmptyStateView.swift */ = {isa = PBXFileReference; lastKnownFileType = sourcecode.swift; path = GFEmptyStateView.swift; sourceTree = "<group>"; };
		2EBADF6F2CA8F8830018DF13 /* TestGridViewController.swift */ = {isa = PBXFileReference; lastKnownFileType = sourcecode.swift; path = TestGridViewController.swift; sourceTree = "<group>"; };
		2EBADF712CA9070B0018DF13 /* TestListViewController.swift */ = {isa = PBXFileReference; lastKnownFileType = sourcecode.swift; path = TestListViewController.swift; sourceTree = "<group>"; };
		2EBADF762CA954640018DF13 /* UIHelper.swift */ = {isa = PBXFileReference; lastKnownFileType = sourcecode.swift; path = UIHelper.swift; sourceTree = "<group>"; };
		2EC36B8D2CA1CE3600C3951D /* Follower.swift */ = {isa = PBXFileReference; lastKnownFileType = sourcecode.swift; path = Follower.swift; sourceTree = "<group>"; };
		2EC36B8F2CA1CFD300C3951D /* User.swift */ = {isa = PBXFileReference; lastKnownFileType = sourcecode.swift; path = User.swift; sourceTree = "<group>"; };
		2EC36B932CA1DA2500C3951D /* NetworkManager.swift */ = {isa = PBXFileReference; lastKnownFileType = sourcecode.swift; path = NetworkManager.swift; sourceTree = "<group>"; };
		2EF24FC02C9E6FCF006597FF /* testapp.app */ = {isa = PBXFileReference; explicitFileType = wrapper.application; includeInIndex = 0; path = testapp.app; sourceTree = BUILT_PRODUCTS_DIR; };
		2EF24FC32C9E6FCF006597FF /* AppDelegate.swift */ = {isa = PBXFileReference; lastKnownFileType = sourcecode.swift; path = AppDelegate.swift; sourceTree = "<group>"; };
		2EF24FC52C9E6FCF006597FF /* SceneDelegate.swift */ = {isa = PBXFileReference; lastKnownFileType = sourcecode.swift; path = SceneDelegate.swift; sourceTree = "<group>"; };
		2EF24FC72C9E6FCF006597FF /* ViewController.swift */ = {isa = PBXFileReference; lastKnownFileType = sourcecode.swift; path = ViewController.swift; sourceTree = "<group>"; };
		2EF24FCC2C9E6FCF006597FF /* Assets.xcassets */ = {isa = PBXFileReference; lastKnownFileType = folder.assetcatalog; path = Assets.xcassets; sourceTree = "<group>"; };
		2EF24FCF2C9E6FCF006597FF /* Base */ = {isa = PBXFileReference; lastKnownFileType = file.storyboard; name = Base; path = Base.lproj/LaunchScreen.storyboard; sourceTree = "<group>"; };
		2EF24FD12C9E6FCF006597FF /* Info.plist */ = {isa = PBXFileReference; lastKnownFileType = text.plist.xml; path = Info.plist; sourceTree = "<group>"; };
		2EF24FD62C9E6FCF006597FF /* testappTests.xctest */ = {isa = PBXFileReference; explicitFileType = wrapper.cfbundle; includeInIndex = 0; path = testappTests.xctest; sourceTree = BUILT_PRODUCTS_DIR; };
		2EF24FDA2C9E6FCF006597FF /* testappTests.swift */ = {isa = PBXFileReference; lastKnownFileType = sourcecode.swift; path = testappTests.swift; sourceTree = "<group>"; };
		2EF24FE02C9E6FCF006597FF /* testappUITests.xctest */ = {isa = PBXFileReference; explicitFileType = wrapper.cfbundle; includeInIndex = 0; path = testappUITests.xctest; sourceTree = BUILT_PRODUCTS_DIR; };
		2EF24FE42C9E6FCF006597FF /* testappUITests.swift */ = {isa = PBXFileReference; lastKnownFileType = sourcecode.swift; path = testappUITests.swift; sourceTree = "<group>"; };
		2EF24FE62C9E6FCF006597FF /* testappUITestsLaunchTests.swift */ = {isa = PBXFileReference; lastKnownFileType = sourcecode.swift; path = testappUITestsLaunchTests.swift; sourceTree = "<group>"; };
		2EF24FF32CA02226006597FF /* TestSwiftLearning.swift */ = {isa = PBXFileReference; lastKnownFileType = sourcecode.swift; path = TestSwiftLearning.swift; sourceTree = "<group>"; };
		2EF24FF52CA02BB8006597FF /* SearchVC.swift */ = {isa = PBXFileReference; lastKnownFileType = sourcecode.swift; path = SearchVC.swift; sourceTree = "<group>"; };
		2EF24FF72CA02BDF006597FF /* FavoriteListVC.swift */ = {isa = PBXFileReference; lastKnownFileType = sourcecode.swift; path = FavoriteListVC.swift; sourceTree = "<group>"; };
		2EF24FF92CA03516006597FF /* GFButton.swift */ = {isa = PBXFileReference; lastKnownFileType = sourcecode.swift; path = GFButton.swift; sourceTree = "<group>"; };
		2EF24FFB2CA03AA9006597FF /* GFTextField.swift */ = {isa = PBXFileReference; lastKnownFileType = sourcecode.swift; path = GFTextField.swift; sourceTree = "<group>"; };
		2EF24FFD2CA06911006597FF /* FolloweListVCViewController.swift */ = {isa = PBXFileReference; lastKnownFileType = sourcecode.swift; path = FolloweListVCViewController.swift; sourceTree = "<group>"; };
		2EF24FFF2CA07323006597FF /* GFTitleLabel.swift */ = {isa = PBXFileReference; lastKnownFileType = sourcecode.swift; path = GFTitleLabel.swift; sourceTree = "<group>"; };
		2EF250012CA074CA006597FF /* GFBodyLabel.swift */ = {isa = PBXFileReference; lastKnownFileType = sourcecode.swift; path = GFBodyLabel.swift; sourceTree = "<group>"; };
		2EF250032CA0759C006597FF /* GFAlertVC.swift */ = {isa = PBXFileReference; lastKnownFileType = sourcecode.swift; path = GFAlertVC.swift; sourceTree = "<group>"; };
		2EF250052CA07D49006597FF /* ViewController+Ext.swift */ = {isa = PBXFileReference; lastKnownFileType = sourcecode.swift; path = "ViewController+Ext.swift"; sourceTree = "<group>"; };
/* End PBXFileReference section */

/* Begin PBXFrameworksBuildPhase section */
		2EF24FBD2C9E6FCF006597FF /* Frameworks */ = {
			isa = PBXFrameworksBuildPhase;
			buildActionMask = 2147483647;
			files = (
			);
			runOnlyForDeploymentPostprocessing = 0;
		};
		2EF24FD32C9E6FCF006597FF /* Frameworks */ = {
			isa = PBXFrameworksBuildPhase;
			buildActionMask = 2147483647;
			files = (
			);
			runOnlyForDeploymentPostprocessing = 0;
		};
		2EF24FDD2C9E6FCF006597FF /* Frameworks */ = {
			isa = PBXFrameworksBuildPhase;
			buildActionMask = 2147483647;
			files = (
			);
			runOnlyForDeploymentPostprocessing = 0;
		};
/* End PBXFrameworksBuildPhase section */

/* Begin PBXGroup section */
		2E0201AB2CA31EF9003690AF /* Cells */ = {
			isa = PBXGroup;
			children = (
				2E0201AC2CA31F1C003690AF /* FollowerCell.swift */,
			);
			path = Cells;
			sourceTree = "<group>";
		};
		2E3A49542CA254380081DD58 /* Utils */ = {
			isa = PBXGroup;
			children = (
				2E3A49552CA254460081DD58 /* ErrorMessage.swift */,
				2EBADF762CA954640018DF13 /* UIHelper.swift */,
			);
			path = Utils;
			sourceTree = "<group>";
		};
		2E7350052CA0FDF1008AFB6C /* Screens */ = {
			isa = PBXGroup;
			children = (
				2EF24FF72CA02BDF006597FF /* FavoriteListVC.swift */,
				2EF24FF52CA02BB8006597FF /* SearchVC.swift */,
				2EF24FFD2CA06911006597FF /* FolloweListVCViewController.swift */,
			);
			path = Screens;
			sourceTree = "<group>";
		};
		2E7350062CA0FE5D008AFB6C /* Custom Views */ = {
			isa = PBXGroup;
			children = (
				2E84D9FE2CAB8CB80049DDE1 /* Labels */,
				2E84D9FD2CAB8C5E0049DDE1 /* ViewControllers */,
				2E84D9FB2CAB8C560049DDE1 /* ImageViews */,
				2E84D9FA2CAB8C4F0049DDE1 /* TextFields */,
				2E84D9F92CAB8C450049DDE1 /* Buttons */,
				2E84D9F82CAB8C3E0049DDE1 /* Views */,
				2E0201AB2CA31EF9003690AF /* Cells */,
			);
			path = "Custom Views";
			sourceTree = "<group>";
		};
		2E7350072CA0FEA2008AFB6C /* Extensions */ = {
			isa = PBXGroup;
			children = (
				2EF250052CA07D49006597FF /* ViewController+Ext.swift */,
			);
			path = Extensions;
			sourceTree = "<group>";
		};
		2E84D9F82CAB8C3E0049DDE1 /* Views */ = {
			isa = PBXGroup;
			children = (
				2E84D9FF2CAB8CE20049DDE1 /* GFEmptyStateView.swift */,
			);
			path = Views;
			sourceTree = "<group>";
		};
		2E84D9F92CAB8C450049DDE1 /* Buttons */ = {
			isa = PBXGroup;
			children = (
				2EF24FF92CA03516006597FF /* GFButton.swift */,
			);
			path = Buttons;
			sourceTree = "<group>";
		};
		2E84D9FA2CAB8C4F0049DDE1 /* TextFields */ = {
			isa = PBXGroup;
			children = (
				2EF24FFB2CA03AA9006597FF /* GFTextField.swift */,
			);
			path = TextFields;
			sourceTree = "<group>";
		};
		2E84D9FB2CAB8C560049DDE1 /* ImageViews */ = {
			isa = PBXGroup;
			children = (
				2E0201B02CA3201C003690AF /* GFAvatarImageView.swift */,
			);
			path = ImageViews;
			sourceTree = "<group>";
		};
		2E84D9FD2CAB8C5E0049DDE1 /* ViewControllers */ = {
			isa = PBXGroup;
			children = (
				2EF250032CA0759C006597FF /* GFAlertVC.swift */,
			);
			path = ViewControllers;
			sourceTree = "<group>";
		};
		2E84D9FE2CAB8CB80049DDE1 /* Labels */ = {
			isa = PBXGroup;
			children = (
				2EF24FFF2CA07323006597FF /* GFTitleLabel.swift */,
				2EF250012CA074CA006597FF /* GFBodyLabel.swift */,
			);
			path = Labels;
			sourceTree = "<group>";
		};
		2EBADF6E2CA8F8540018DF13 /* Test Views */ = {
			isa = PBXGroup;
			children = (
				2EBADF6F2CA8F8830018DF13 /* TestGridViewController.swift */,
				2EBADF712CA9070B0018DF13 /* TestListViewController.swift */,
			);
			path = "Test Views";
			sourceTree = "<group>";
		};
		2EC36B8C2CA1CE1A00C3951D /* Models */ = {
			isa = PBXGroup;
			children = (
				2EC36B8D2CA1CE3600C3951D /* Follower.swift */,
				2EC36B8F2CA1CFD300C3951D /* User.swift */,
			);
			path = Models;
			sourceTree = "<group>";
		};
		2EC36B912CA1DA0F00C3951D /* New Group */ = {
			isa = PBXGroup;
			children = (
			);
			path = "New Group";
			sourceTree = "<group>";
		};
		2EC36B922CA1DA1200C3951D /* Managers */ = {
			isa = PBXGroup;
			children = (
				2EC36B932CA1DA2500C3951D /* NetworkManager.swift */,
			);
			path = Managers;
			sourceTree = "<group>";
		};
		2EF24FB72C9E6FCF006597FF = {
			isa = PBXGroup;
			children = (
				2EF24FC22C9E6FCF006597FF /* testapp */,
				2EF24FD92C9E6FCF006597FF /* testappTests */,
				2EF24FE32C9E6FCF006597FF /* testappUITests */,
				2EF24FC12C9E6FCF006597FF /* Products */,
			);
			sourceTree = "<group>";
		};
		2EF24FC12C9E6FCF006597FF /* Products */ = {
			isa = PBXGroup;
			children = (
				2EF24FC02C9E6FCF006597FF /* testapp.app */,
				2EF24FD62C9E6FCF006597FF /* testappTests.xctest */,
				2EF24FE02C9E6FCF006597FF /* testappUITests.xctest */,
			);
			name = Products;
			sourceTree = "<group>";
		};
		2EF24FC22C9E6FCF006597FF /* testapp */ = {
			isa = PBXGroup;
			children = (
				2EBADF6E2CA8F8540018DF13 /* Test Views */,
				2E3A49542CA254380081DD58 /* Utils */,
				2EC36B922CA1DA1200C3951D /* Managers */,
				2EC36B912CA1DA0F00C3951D /* New Group */,
				2EC36B8C2CA1CE1A00C3951D /* Models */,
				2E7350072CA0FEA2008AFB6C /* Extensions */,
				2E7350062CA0FE5D008AFB6C /* Custom Views */,
				2E7350052CA0FDF1008AFB6C /* Screens */,
				2EF24FC32C9E6FCF006597FF /* AppDelegate.swift */,
				2EF24FC52C9E6FCF006597FF /* SceneDelegate.swift */,
				2EF24FC72C9E6FCF006597FF /* ViewController.swift */,
				2EF24FCC2C9E6FCF006597FF /* Assets.xcassets */,
				2EF24FCE2C9E6FCF006597FF /* LaunchScreen.storyboard */,
				2EF24FD12C9E6FCF006597FF /* Info.plist */,
				2EF24FF32CA02226006597FF /* TestSwiftLearning.swift */,
			);
			path = testapp;
			sourceTree = "<group>";
		};
		2EF24FD92C9E6FCF006597FF /* testappTests */ = {
			isa = PBXGroup;
			children = (
				2EF24FDA2C9E6FCF006597FF /* testappTests.swift */,
			);
			path = testappTests;
			sourceTree = "<group>";
		};
		2EF24FE32C9E6FCF006597FF /* testappUITests */ = {
			isa = PBXGroup;
			children = (
				2EF24FE42C9E6FCF006597FF /* testappUITests.swift */,
				2EF24FE62C9E6FCF006597FF /* testappUITestsLaunchTests.swift */,
			);
			path = testappUITests;
			sourceTree = "<group>";
		};
/* End PBXGroup section */

/* Begin PBXNativeTarget section */
		2EF24FBF2C9E6FCF006597FF /* testapp */ = {
			isa = PBXNativeTarget;
			buildConfigurationList = 2EF24FEA2C9E6FCF006597FF /* Build configuration list for PBXNativeTarget "testapp" */;
			buildPhases = (
				2EF24FBC2C9E6FCF006597FF /* Sources */,
				2EF24FBD2C9E6FCF006597FF /* Frameworks */,
				2EF24FBE2C9E6FCF006597FF /* Resources */,
			);
			buildRules = (
			);
			dependencies = (
			);
			name = testapp;
			productName = testapp;
			productReference = 2EF24FC02C9E6FCF006597FF /* testapp.app */;
			productType = "com.apple.product-type.application";
		};
		2EF24FD52C9E6FCF006597FF /* testappTests */ = {
			isa = PBXNativeTarget;
			buildConfigurationList = 2EF24FED2C9E6FCF006597FF /* Build configuration list for PBXNativeTarget "testappTests" */;
			buildPhases = (
				2EF24FD22C9E6FCF006597FF /* Sources */,
				2EF24FD32C9E6FCF006597FF /* Frameworks */,
				2EF24FD42C9E6FCF006597FF /* Resources */,
			);
			buildRules = (
			);
			dependencies = (
				2EF24FD82C9E6FCF006597FF /* PBXTargetDependency */,
			);
			name = testappTests;
			productName = testappTests;
			productReference = 2EF24FD62C9E6FCF006597FF /* testappTests.xctest */;
			productType = "com.apple.product-type.bundle.unit-test";
		};
		2EF24FDF2C9E6FCF006597FF /* testappUITests */ = {
			isa = PBXNativeTarget;
			buildConfigurationList = 2EF24FF02C9E6FCF006597FF /* Build configuration list for PBXNativeTarget "testappUITests" */;
			buildPhases = (
				2EF24FDC2C9E6FCF006597FF /* Sources */,
				2EF24FDD2C9E6FCF006597FF /* Frameworks */,
				2EF24FDE2C9E6FCF006597FF /* Resources */,
			);
			buildRules = (
			);
			dependencies = (
				2EF24FE22C9E6FCF006597FF /* PBXTargetDependency */,
			);
			name = testappUITests;
			productName = testappUITests;
			productReference = 2EF24FE02C9E6FCF006597FF /* testappUITests.xctest */;
			productType = "com.apple.product-type.bundle.ui-testing";
		};
/* End PBXNativeTarget section */

/* Begin PBXProject section */
		2EF24FB82C9E6FCF006597FF /* Project object */ = {
			isa = PBXProject;
			attributes = {
				BuildIndependentTargetsInParallel = 1;
				LastSwiftUpdateCheck = 1540;
				LastUpgradeCheck = 1540;
				TargetAttributes = {
					2EF24FBF2C9E6FCF006597FF = {
						CreatedOnToolsVersion = 15.4;
					};
					2EF24FD52C9E6FCF006597FF = {
						CreatedOnToolsVersion = 15.4;
						TestTargetID = 2EF24FBF2C9E6FCF006597FF;
					};
					2EF24FDF2C9E6FCF006597FF = {
						CreatedOnToolsVersion = 15.4;
						TestTargetID = 2EF24FBF2C9E6FCF006597FF;
					};
				};
			};
			buildConfigurationList = 2EF24FBB2C9E6FCF006597FF /* Build configuration list for PBXProject "testapp" */;
			compatibilityVersion = "Xcode 14.0";
			developmentRegion = en;
			hasScannedForEncodings = 0;
			knownRegions = (
				en,
				Base,
			);
			mainGroup = 2EF24FB72C9E6FCF006597FF;
			productRefGroup = 2EF24FC12C9E6FCF006597FF /* Products */;
			projectDirPath = "";
			projectRoot = "";
			targets = (
				2EF24FBF2C9E6FCF006597FF /* testapp */,
				2EF24FD52C9E6FCF006597FF /* testappTests */,
				2EF24FDF2C9E6FCF006597FF /* testappUITests */,
			);
		};
/* End PBXProject section */

/* Begin PBXResourcesBuildPhase section */
		2EF24FBE2C9E6FCF006597FF /* Resources */ = {
			isa = PBXResourcesBuildPhase;
			buildActionMask = 2147483647;
			files = (
				2EF24FCD2C9E6FCF006597FF /* Assets.xcassets in Resources */,
				2EF24FD02C9E6FCF006597FF /* Base in Resources */,
			);
			runOnlyForDeploymentPostprocessing = 0;
		};
		2EF24FD42C9E6FCF006597FF /* Resources */ = {
			isa = PBXResourcesBuildPhase;
			buildActionMask = 2147483647;
			files = (
			);
			runOnlyForDeploymentPostprocessing = 0;
		};
		2EF24FDE2C9E6FCF006597FF /* Resources */ = {
			isa = PBXResourcesBuildPhase;
			buildActionMask = 2147483647;
			files = (
			);
			runOnlyForDeploymentPostprocessing = 0;
		};
/* End PBXResourcesBuildPhase section */

/* Begin PBXSourcesBuildPhase section */
		2EF24FBC2C9E6FCF006597FF /* Sources */ = {
			isa = PBXSourcesBuildPhase;
			buildActionMask = 2147483647;
			files = (
				2EBADF702CA8F8830018DF13 /* TestGridViewController.swift in Sources */,
				2EF250062CA07D49006597FF /* ViewController+Ext.swift in Sources */,
				2E3A49562CA254460081DD58 /* ErrorMessage.swift in Sources */,
				2EBADF772CA954640018DF13 /* UIHelper.swift in Sources */,
				2E0201B12CA3201C003690AF /* GFAvatarImageView.swift in Sources */,
				2EC36B8E2CA1CE3600C3951D /* Follower.swift in Sources */,
				2EBADF722CA9070B0018DF13 /* TestListViewController.swift in Sources */,
				2EF24FC82C9E6FCF006597FF /* ViewController.swift in Sources */,
				2EF24FF62CA02BB8006597FF /* SearchVC.swift in Sources */,
				2EC36B942CA1DA2500C3951D /* NetworkManager.swift in Sources */,
				2EF24FFC2CA03AA9006597FF /* GFTextField.swift in Sources */,
				2EF24FC42C9E6FCF006597FF /* AppDelegate.swift in Sources */,
				2EF250042CA0759C006597FF /* GFAlertVC.swift in Sources */,
				2EF24FFA2CA03516006597FF /* GFButton.swift in Sources */,
				2EC36B902CA1CFD300C3951D /* User.swift in Sources */,
				2E0201AD2CA31F1C003690AF /* FollowerCell.swift in Sources */,
				2EF24FC62C9E6FCF006597FF /* SceneDelegate.swift in Sources */,
				2EF250022CA074CA006597FF /* GFBodyLabel.swift in Sources */,
				2EF24FFE2CA06911006597FF /* FolloweListVCViewController.swift in Sources */,
				2E84DA002CAB8CE20049DDE1 /* GFEmptyStateView.swift in Sources */,
				2EF24FF82CA02BDF006597FF /* FavoriteListVC.swift in Sources */,
				2EF250002CA07323006597FF /* GFTitleLabel.swift in Sources */,
				2EF24FF42CA02226006597FF /* TestSwiftLearning.swift in Sources */,
			);
			runOnlyForDeploymentPostprocessing = 0;
		};
		2EF24FD22C9E6FCF006597FF /* Sources */ = {
			isa = PBXSourcesBuildPhase;
			buildActionMask = 2147483647;
			files = (
				2EF24FDB2C9E6FCF006597FF /* testappTests.swift in Sources */,
			);
			runOnlyForDeploymentPostprocessing = 0;
		};
		2EF24FDC2C9E6FCF006597FF /* Sources */ = {
			isa = PBXSourcesBuildPhase;
			buildActionMask = 2147483647;
			files = (
				2EF24FE72C9E6FCF006597FF /* testappUITestsLaunchTests.swift in Sources */,
				2EF24FE52C9E6FCF006597FF /* testappUITests.swift in Sources */,
			);
			runOnlyForDeploymentPostprocessing = 0;
		};
/* End PBXSourcesBuildPhase section */

/* Begin PBXTargetDependency section */
		2EF24FD82C9E6FCF006597FF /* PBXTargetDependency */ = {
			isa = PBXTargetDependency;
			target = 2EF24FBF2C9E6FCF006597FF /* testapp */;
			targetProxy = 2EF24FD72C9E6FCF006597FF /* PBXContainerItemProxy */;
		};
		2EF24FE22C9E6FCF006597FF /* PBXTargetDependency */ = {
			isa = PBXTargetDependency;
			target = 2EF24FBF2C9E6FCF006597FF /* testapp */;
			targetProxy = 2EF24FE12C9E6FCF006597FF /* PBXContainerItemProxy */;
		};
/* End PBXTargetDependency section */

/* Begin PBXVariantGroup section */
		2EF24FCE2C9E6FCF006597FF /* LaunchScreen.storyboard */ = {
			isa = PBXVariantGroup;
			children = (
				2EF24FCF2C9E6FCF006597FF /* Base */,
			);
			name = LaunchScreen.storyboard;
			sourceTree = "<group>";
		};
/* End PBXVariantGroup section */

/* Begin XCBuildConfiguration section */
		2EF24FE82C9E6FCF006597FF /* Debug */ = {
			isa = XCBuildConfiguration;
			buildSettings = {
				ALWAYS_SEARCH_USER_PATHS = NO;
				ASSETCATALOG_COMPILER_GENERATE_SWIFT_ASSET_SYMBOL_EXTENSIONS = YES;
				CLANG_ANALYZER_NONNULL = YES;
				CLANG_ANALYZER_NUMBER_OBJECT_CONVERSION = YES_AGGRESSIVE;
				CLANG_CXX_LANGUAGE_STANDARD = "gnu++20";
				CLANG_ENABLE_MODULES = YES;
				CLANG_ENABLE_OBJC_ARC = YES;
				CLANG_ENABLE_OBJC_WEAK = YES;
				CLANG_WARN_BLOCK_CAPTURE_AUTORELEASING = YES;
				CLANG_WARN_BOOL_CONVERSION = YES;
				CLANG_WARN_COMMA = YES;
				CLANG_WARN_CONSTANT_CONVERSION = YES;
				CLANG_WARN_DEPRECATED_OBJC_IMPLEMENTATIONS = YES;
				CLANG_WARN_DIRECT_OBJC_ISA_USAGE = YES_ERROR;
				CLANG_WARN_DOCUMENTATION_COMMENTS = YES;
				CLANG_WARN_EMPTY_BODY = YES;
				CLANG_WARN_ENUM_CONVERSION = YES;
				CLANG_WARN_INFINITE_RECURSION = YES;
				CLANG_WARN_INT_CONVERSION = YES;
				CLANG_WARN_NON_LITERAL_NULL_CONVERSION = YES;
				CLANG_WARN_OBJC_IMPLICIT_RETAIN_SELF = YES;
				CLANG_WARN_OBJC_LITERAL_CONVERSION = YES;
				CLANG_WARN_OBJC_ROOT_CLASS = YES_ERROR;
				CLANG_WARN_QUOTED_INCLUDE_IN_FRAMEWORK_HEADER = YES;
				CLANG_WARN_RANGE_LOOP_ANALYSIS = YES;
				CLANG_WARN_STRICT_PROTOTYPES = YES;
				CLANG_WARN_SUSPICIOUS_MOVE = YES;
				CLANG_WARN_UNGUARDED_AVAILABILITY = YES_AGGRESSIVE;
				CLANG_WARN_UNREACHABLE_CODE = YES;
				CLANG_WARN__DUPLICATE_METHOD_MATCH = YES;
				COPY_PHASE_STRIP = NO;
				DEBUG_INFORMATION_FORMAT = dwarf;
				ENABLE_STRICT_OBJC_MSGSEND = YES;
				ENABLE_TESTABILITY = YES;
				ENABLE_USER_SCRIPT_SANDBOXING = YES;
				GCC_C_LANGUAGE_STANDARD = gnu17;
				GCC_DYNAMIC_NO_PIC = NO;
				GCC_NO_COMMON_BLOCKS = YES;
				GCC_OPTIMIZATION_LEVEL = 0;
				GCC_PREPROCESSOR_DEFINITIONS = (
					"DEBUG=1",
					"$(inherited)",
				);
				GCC_WARN_64_TO_32_BIT_CONVERSION = YES;
				GCC_WARN_ABOUT_RETURN_TYPE = YES_ERROR;
				GCC_WARN_UNDECLARED_SELECTOR = YES;
				GCC_WARN_UNINITIALIZED_AUTOS = YES_AGGRESSIVE;
				GCC_WARN_UNUSED_FUNCTION = YES;
				GCC_WARN_UNUSED_VARIABLE = YES;
				IPHONEOS_DEPLOYMENT_TARGET = 17.5;
				LOCALIZATION_PREFERS_STRING_CATALOGS = YES;
				MTL_ENABLE_DEBUG_INFO = INCLUDE_SOURCE;
				MTL_FAST_MATH = YES;
				ONLY_ACTIVE_ARCH = YES;
				SDKROOT = iphoneos;
				SWIFT_ACTIVE_COMPILATION_CONDITIONS = "DEBUG $(inherited)";
				SWIFT_OPTIMIZATION_LEVEL = "-Onone";
			};
			name = Debug;
		};
		2EF24FE92C9E6FCF006597FF /* Release */ = {
			isa = XCBuildConfiguration;
			buildSettings = {
				ALWAYS_SEARCH_USER_PATHS = NO;
				ASSETCATALOG_COMPILER_GENERATE_SWIFT_ASSET_SYMBOL_EXTENSIONS = YES;
				CLANG_ANALYZER_NONNULL = YES;
				CLANG_ANALYZER_NUMBER_OBJECT_CONVERSION = YES_AGGRESSIVE;
				CLANG_CXX_LANGUAGE_STANDARD = "gnu++20";
				CLANG_ENABLE_MODULES = YES;
				CLANG_ENABLE_OBJC_ARC = YES;
				CLANG_ENABLE_OBJC_WEAK = YES;
				CLANG_WARN_BLOCK_CAPTURE_AUTORELEASING = YES;
				CLANG_WARN_BOOL_CONVERSION = YES;
				CLANG_WARN_COMMA = YES;
				CLANG_WARN_CONSTANT_CONVERSION = YES;
				CLANG_WARN_DEPRECATED_OBJC_IMPLEMENTATIONS = YES;
				CLANG_WARN_DIRECT_OBJC_ISA_USAGE = YES_ERROR;
				CLANG_WARN_DOCUMENTATION_COMMENTS = YES;
				CLANG_WARN_EMPTY_BODY = YES;
				CLANG_WARN_ENUM_CONVERSION = YES;
				CLANG_WARN_INFINITE_RECURSION = YES;
				CLANG_WARN_INT_CONVERSION = YES;
				CLANG_WARN_NON_LITERAL_NULL_CONVERSION = YES;
				CLANG_WARN_OBJC_IMPLICIT_RETAIN_SELF = YES;
				CLANG_WARN_OBJC_LITERAL_CONVERSION = YES;
				CLANG_WARN_OBJC_ROOT_CLASS = YES_ERROR;
				CLANG_WARN_QUOTED_INCLUDE_IN_FRAMEWORK_HEADER = YES;
				CLANG_WARN_RANGE_LOOP_ANALYSIS = YES;
				CLANG_WARN_STRICT_PROTOTYPES = YES;
				CLANG_WARN_SUSPICIOUS_MOVE = YES;
				CLANG_WARN_UNGUARDED_AVAILABILITY = YES_AGGRESSIVE;
				CLANG_WARN_UNREACHABLE_CODE = YES;
				CLANG_WARN__DUPLICATE_METHOD_MATCH = YES;
				COPY_PHASE_STRIP = NO;
				DEBUG_INFORMATION_FORMAT = "dwarf-with-dsym";
				ENABLE_NS_ASSERTIONS = NO;
				ENABLE_STRICT_OBJC_MSGSEND = YES;
				ENABLE_USER_SCRIPT_SANDBOXING = YES;
				GCC_C_LANGUAGE_STANDARD = gnu17;
				GCC_NO_COMMON_BLOCKS = YES;
				GCC_WARN_64_TO_32_BIT_CONVERSION = YES;
				GCC_WARN_ABOUT_RETURN_TYPE = YES_ERROR;
				GCC_WARN_UNDECLARED_SELECTOR = YES;
				GCC_WARN_UNINITIALIZED_AUTOS = YES_AGGRESSIVE;
				GCC_WARN_UNUSED_FUNCTION = YES;
				GCC_WARN_UNUSED_VARIABLE = YES;
				IPHONEOS_DEPLOYMENT_TARGET = 17.5;
				LOCALIZATION_PREFERS_STRING_CATALOGS = YES;
				MTL_ENABLE_DEBUG_INFO = NO;
				MTL_FAST_MATH = YES;
				SDKROOT = iphoneos;
				SWIFT_COMPILATION_MODE = wholemodule;
				VALIDATE_PRODUCT = YES;
			};
			name = Release;
		};
		2EF24FEB2C9E6FCF006597FF /* Debug */ = {
			isa = XCBuildConfiguration;
			buildSettings = {
				ASSETCATALOG_COMPILER_APPICON_NAME = AppIcon;
				ASSETCATALOG_COMPILER_GLOBAL_ACCENT_COLOR_NAME = AccentColor;
				CODE_SIGN_STYLE = Automatic;
				CURRENT_PROJECT_VERSION = 1;
				DEVELOPMENT_TEAM = 3XS23HHUY3;
				GENERATE_INFOPLIST_FILE = YES;
				INFOPLIST_FILE = testapp/Info.plist;
				INFOPLIST_KEY_UIApplicationSupportsIndirectInputEvents = YES;
				INFOPLIST_KEY_UILaunchStoryboardName = LaunchScreen;
				INFOPLIST_KEY_UISupportedInterfaceOrientations = UIInterfaceOrientationPortrait;
				INFOPLIST_KEY_UISupportedInterfaceOrientations_iPad = "UIInterfaceOrientationPortrait UIInterfaceOrientationPortraitUpsideDown";
				LD_RUNPATH_SEARCH_PATHS = (
					"$(inherited)",
					"@executable_path/Frameworks",
				);
				MARKETING_VERSION = 1.0;
				PRODUCT_BUNDLE_IDENTIFIER = ds.testapp;
				PRODUCT_NAME = "$(TARGET_NAME)";
				SUPPORTED_PLATFORMS = "iphoneos iphonesimulator";
				SUPPORTS_MACCATALYST = NO;
				SUPPORTS_MAC_DESIGNED_FOR_IPHONE_IPAD = NO;
				SUPPORTS_XR_DESIGNED_FOR_IPHONE_IPAD = NO;
				SWIFT_EMIT_LOC_STRINGS = YES;
				SWIFT_VERSION = 5.0;
				TARGETED_DEVICE_FAMILY = 1;
			};
			name = Debug;
		};
		2EF24FEC2C9E6FCF006597FF /* Release */ = {
			isa = XCBuildConfiguration;
			buildSettings = {
				ASSETCATALOG_COMPILER_APPICON_NAME = AppIcon;
				ASSETCATALOG_COMPILER_GLOBAL_ACCENT_COLOR_NAME = AccentColor;
				CODE_SIGN_STYLE = Automatic;
				CURRENT_PROJECT_VERSION = 1;
				DEVELOPMENT_TEAM = 3XS23HHUY3;
				GENERATE_INFOPLIST_FILE = YES;
				INFOPLIST_FILE = testapp/Info.plist;
				INFOPLIST_KEY_UIApplicationSupportsIndirectInputEvents = YES;
				INFOPLIST_KEY_UILaunchStoryboardName = LaunchScreen;
				INFOPLIST_KEY_UISupportedInterfaceOrientations = UIInterfaceOrientationPortrait;
				INFOPLIST_KEY_UISupportedInterfaceOrientations_iPad = "UIInterfaceOrientationPortrait UIInterfaceOrientationPortraitUpsideDown";
				LD_RUNPATH_SEARCH_PATHS = (
					"$(inherited)",
					"@executable_path/Frameworks",
				);
				MARKETING_VERSION = 1.0;
				PRODUCT_BUNDLE_IDENTIFIER = ds.testapp;
				PRODUCT_NAME = "$(TARGET_NAME)";
				SUPPORTED_PLATFORMS = "iphoneos iphonesimulator";
				SUPPORTS_MACCATALYST = NO;
				SUPPORTS_MAC_DESIGNED_FOR_IPHONE_IPAD = NO;
				SUPPORTS_XR_DESIGNED_FOR_IPHONE_IPAD = NO;
				SWIFT_EMIT_LOC_STRINGS = YES;
				SWIFT_VERSION = 5.0;
				TARGETED_DEVICE_FAMILY = 1;
			};
			name = Release;
		};
		2EF24FEE2C9E6FCF006597FF /* Debug */ = {
			isa = XCBuildConfiguration;
			buildSettings = {
				ALWAYS_EMBED_SWIFT_STANDARD_LIBRARIES = YES;
				BUNDLE_LOADER = "$(TEST_HOST)";
				CODE_SIGN_STYLE = Automatic;
				CURRENT_PROJECT_VERSION = 1;
				DEVELOPMENT_TEAM = 3XS23HHUY3;
				GENERATE_INFOPLIST_FILE = YES;
				IPHONEOS_DEPLOYMENT_TARGET = 17.5;
				MARKETING_VERSION = 1.0;
				PRODUCT_BUNDLE_IDENTIFIER = ds.testappTests;
				PRODUCT_NAME = "$(TARGET_NAME)";
				SWIFT_EMIT_LOC_STRINGS = NO;
				SWIFT_VERSION = 5.0;
				TARGETED_DEVICE_FAMILY = "1,2";
				TEST_HOST = "$(BUILT_PRODUCTS_DIR)/testapp.app/$(BUNDLE_EXECUTABLE_FOLDER_PATH)/testapp";
			};
			name = Debug;
		};
		2EF24FEF2C9E6FCF006597FF /* Release */ = {
			isa = XCBuildConfiguration;
			buildSettings = {
				ALWAYS_EMBED_SWIFT_STANDARD_LIBRARIES = YES;
				BUNDLE_LOADER = "$(TEST_HOST)";
				CODE_SIGN_STYLE = Automatic;
				CURRENT_PROJECT_VERSION = 1;
				DEVELOPMENT_TEAM = 3XS23HHUY3;
				GENERATE_INFOPLIST_FILE = YES;
				IPHONEOS_DEPLOYMENT_TARGET = 17.5;
				MARKETING_VERSION = 1.0;
				PRODUCT_BUNDLE_IDENTIFIER = ds.testappTests;
				PRODUCT_NAME = "$(TARGET_NAME)";
				SWIFT_EMIT_LOC_STRINGS = NO;
				SWIFT_VERSION = 5.0;
				TARGETED_DEVICE_FAMILY = "1,2";
				TEST_HOST = "$(BUILT_PRODUCTS_DIR)/testapp.app/$(BUNDLE_EXECUTABLE_FOLDER_PATH)/testapp";
			};
			name = Release;
		};
		2EF24FF12C9E6FCF006597FF /* Debug */ = {
			isa = XCBuildConfiguration;
			buildSettings = {
				ALWAYS_EMBED_SWIFT_STANDARD_LIBRARIES = YES;
				CODE_SIGN_STYLE = Automatic;
				CURRENT_PROJECT_VERSION = 1;
				DEVELOPMENT_TEAM = 3XS23HHUY3;
				GENERATE_INFOPLIST_FILE = YES;
				MARKETING_VERSION = 1.0;
				PRODUCT_BUNDLE_IDENTIFIER = ds.testappUITests;
				PRODUCT_NAME = "$(TARGET_NAME)";
				SWIFT_EMIT_LOC_STRINGS = NO;
				SWIFT_VERSION = 5.0;
				TARGETED_DEVICE_FAMILY = "1,2";
				TEST_TARGET_NAME = testapp;
			};
			name = Debug;
		};
		2EF24FF22C9E6FCF006597FF /* Release */ = {
			isa = XCBuildConfiguration;
			buildSettings = {
				ALWAYS_EMBED_SWIFT_STANDARD_LIBRARIES = YES;
				CODE_SIGN_STYLE = Automatic;
				CURRENT_PROJECT_VERSION = 1;
				DEVELOPMENT_TEAM = 3XS23HHUY3;
				GENERATE_INFOPLIST_FILE = YES;
				MARKETING_VERSION = 1.0;
				PRODUCT_BUNDLE_IDENTIFIER = ds.testappUITests;
				PRODUCT_NAME = "$(TARGET_NAME)";
				SWIFT_EMIT_LOC_STRINGS = NO;
				SWIFT_VERSION = 5.0;
				TARGETED_DEVICE_FAMILY = "1,2";
				TEST_TARGET_NAME = testapp;
			};
			name = Release;
		};
/* End XCBuildConfiguration section */

/* Begin XCConfigurationList section */
		2EF24FBB2C9E6FCF006597FF /* Build configuration list for PBXProject "testapp" */ = {
			isa = XCConfigurationList;
			buildConfigurations = (
				2EF24FE82C9E6FCF006597FF /* Debug */,
				2EF24FE92C9E6FCF006597FF /* Release */,
			);
			defaultConfigurationIsVisible = 0;
			defaultConfigurationName = Release;
		};
		2EF24FEA2C9E6FCF006597FF /* Build configuration list for PBXNativeTarget "testapp" */ = {
			isa = XCConfigurationList;
			buildConfigurations = (
				2EF24FEB2C9E6FCF006597FF /* Debug */,
				2EF24FEC2C9E6FCF006597FF /* Release */,
			);
			defaultConfigurationIsVisible = 0;
			defaultConfigurationName = Release;
		};
		2EF24FED2C9E6FCF006597FF /* Build configuration list for PBXNativeTarget "testappTests" */ = {
			isa = XCConfigurationList;
			buildConfigurations = (
				2EF24FEE2C9E6FCF006597FF /* Debug */,
				2EF24FEF2C9E6FCF006597FF /* Release */,
			);
			defaultConfigurationIsVisible = 0;
			defaultConfigurationName = Release;
		};
		2EF24FF02C9E6FCF006597FF /* Build configuration list for PBXNativeTarget "testappUITests" */ = {
			isa = XCConfigurationList;
			buildConfigurations = (
				2EF24FF12C9E6FCF006597FF /* Debug */,
				2EF24FF22C9E6FCF006597FF /* Release */,
			);
			defaultConfigurationIsVisible = 0;
			defaultConfigurationName = Release;
		};
/* End XCConfigurationList section */
	};
	rootObject = 2EF24FB82C9E6FCF006597FF /* Project object */;
}
